
Microsoft Visual Studio Solution File, Format Version 12.00
# Visual Studio Version 16
VisualStudioVersion = 16.0.30204.135
MinimumVisualStudioVersion = 10.0.40219.1
Project("{FAE04EC0-301F-11D3-BF4B-00C04F79EFBC}") = "Test_design_patterns_Part_2_Question_2", "Test_design_patterns_Part_2_Question_2\Test_design_patterns_Part_2_Question_2.csproj", "{FEE7BF07-F6E9-43BD-BCB8-E5FA893C5D50}"
EndProject
Global
	GlobalSection(SolutionConfigurationPlatforms) = preSolution
		Debug|Any CPU = Debug|Any CPU
		Release|Any CPU = Release|Any CPU
	EndGlobalSection
	GlobalSection(ProjectConfigurationPlatforms) = postSolution
		{FEE7BF07-F6E9-43BD-BCB8-E5FA893C5D50}.Debug|Any CPU.ActiveCfg = Debug|Any CPU
		{FEE7BF07-F6E9-43BD-BCB8-E5FA893C5D50}.Debug|Any CPU.Build.0 = Debug|Any CPU
		{FEE7BF07-F6E9-43BD-BCB8-E5FA893C5D50}.Release|Any CPU.ActiveCfg = Release|Any CPU
		{FEE7BF07-F6E9-43BD-BCB8-E5FA893C5D50}.Release|Any CPU.Build.0 = Release|Any CPU
	EndGlobalSection
	GlobalSection(SolutionProperties) = preSolution
		HideSolutionNode = FALSE
	EndGlobalSection
	GlobalSection(ExtensibilityGlobals) = postSolution
		SolutionGuid = {741A6670-B517-4B40-B780-A8C696236E82}
	EndGlobalSection
EndGlobal
